PODS:
  - Alamofire (5.10.2)
  - CoreModule (1.0.0):
    - CoreModule/CoreDatabase (= 1.0.0)
    - CoreModule/CoreNetwork (= 1.0.0)
  - CoreModule/CoreDatabase (1.0.0):
    - RealmSwift
  - CoreModule/CoreNetwork (1.0.0):
    - Alamofire
  - Realm (20.0.3):
    - Realm/Headers (= 20.0.3)
  - Realm/Headers (20.0.3)
  - RealmSwift (20.0.3):
    - Realm (= 20.0.3)

DEPENDENCIES:
  - CoreModule (from `../CoreModule`)

SPEC REPOS:
  trunk:
    - Alamofire
    - Realm
    - RealmSwift

EXTERNAL SOURCES:
  CoreModule:
    :path: "../CoreModule"

SPEC CHECKSUMS:
  Alamofire: 7193b3b92c74a07f85569e1a6c4f4237291e7496
  CoreModule: f36eaa029c953f7d35adff6e87259aea460d28c1
  Realm: 853e5089d6042dff807bda000277eadfe2da93d2
  RealmSwift: f33c19577cefcbf681345d721fcbc7b42be4c949

PODFILE CHECKSUM: 21108479e95c65c75ffba59a0c310213d9b4f95c

COCOAPODS: 1.16.2
